
Microsoft Visual Studio Solution File, Format Version 12.00
# Visual Studio Version 17
VisualStudioVersion = 17.13.35913.81
MinimumVisualStudioVersion = 10.0.40219.1
Project("{FAE04EC0-301F-11D3-BF4B-00C04F79EFBC}") = "ADO.NET", "ADO.NET\ADO.NET.csproj", "{CB316946-717A-4B7C-B7E9-028E1AC3E1C5}"
EndProject
Project("{FAE04EC0-301F-11D3-BF4B-00C04F79EFBC}") = "MoviesConnector", "MoviesConnector\MoviesConnector.csproj", "{50582D73-D886-46BA-857D-1205682115BB}"
EndProject
Project("{FAE04EC0-301F-11D3-BF4B-00C04F79EFBC}") = "MovieForms", "MovieForms\MovieForms.csproj", "{FB30C155-55C0-4961-B2F8-F117A3372903}"
EndProject
Project("{FAE04EC0-301F-11D3-BF4B-00C04F79EFBC}") = "Academy", "Academy\Academy.csproj", "{55BFBEAD-4B1C-4B6A-8187-89A8FFFF2A3E}"
EndProject
Project("{FAE04EC0-301F-11D3-BF4B-00C04F79EFBC}") = "DataSet", "DataSet\DataSet.csproj", "{D047641F-8DA1-4D82-BB04-73872193ADE3}"
EndProject
Project("{FAE04EC0-301F-11D3-BF4B-00C04F79EFBC}") = "Cache", "Cache\Cache.csproj", "{2889EEB9-6961-4A88-88E3-C3D87D4A00DE}"
EndProject
Global
	GlobalSection(SolutionConfigurationPlatforms) = preSolution
		Debug|Any CPU = Debug|Any CPU
		Release|Any CPU = Release|Any CPU
	EndGlobalSection
	GlobalSection(ProjectConfigurationPlatforms) = postSolution
		{CB316946-717A-4B7C-B7E9-028E1AC3E1C5}.Debug|Any CPU.ActiveCfg = Debug|Any CPU
		{CB316946-717A-4B7C-B7E9-028E1AC3E1C5}.Debug|Any CPU.Build.0 = Debug|Any CPU
		{CB316946-717A-4B7C-B7E9-028E1AC3E1C5}.Release|Any CPU.ActiveCfg = Release|Any CPU
		{CB316946-717A-4B7C-B7E9-028E1AC3E1C5}.Release|Any CPU.Build.0 = Release|Any CPU
		{50582D73-D886-46BA-857D-1205682115BB}.Debug|Any CPU.ActiveCfg = Debug|Any CPU
		{50582D73-D886-46BA-857D-1205682115BB}.Debug|Any CPU.Build.0 = Debug|Any CPU
		{50582D73-D886-46BA-857D-1205682115BB}.Release|Any CPU.ActiveCfg = Release|Any CPU
		{50582D73-D886-46BA-857D-1205682115BB}.Release|Any CPU.Build.0 = Release|Any CPU
		{FB30C155-55C0-4961-B2F8-F117A3372903}.Debug|Any CPU.ActiveCfg = Debug|Any CPU
		{FB30C155-55C0-4961-B2F8-F117A3372903}.Debug|Any CPU.Build.0 = Debug|Any CPU
		{FB30C155-55C0-4961-B2F8-F117A3372903}.Release|Any CPU.ActiveCfg = Release|Any CPU
		{FB30C155-55C0-4961-B2F8-F117A3372903}.Release|Any CPU.Build.0 = Release|Any CPU
		{55BFBEAD-4B1C-4B6A-8187-89A8FFFF2A3E}.Debug|Any CPU.ActiveCfg = Debug|Any CPU
		{55BFBEAD-4B1C-4B6A-8187-89A8FFFF2A3E}.Debug|Any CPU.Build.0 = Debug|Any CPU
		{55BFBEAD-4B1C-4B6A-8187-89A8FFFF2A3E}.Release|Any CPU.ActiveCfg = Release|Any CPU
		{55BFBEAD-4B1C-4B6A-8187-89A8FFFF2A3E}.Release|Any CPU.Build.0 = Release|Any CPU
		{D047641F-8DA1-4D82-BB04-73872193ADE3}.Debug|Any CPU.ActiveCfg = Debug|Any CPU
		{D047641F-8DA1-4D82-BB04-73872193ADE3}.Debug|Any CPU.Build.0 = Debug|Any CPU
		{D047641F-8DA1-4D82-BB04-73872193ADE3}.Release|Any CPU.ActiveCfg = Release|Any CPU
		{D047641F-8DA1-4D82-BB04-73872193ADE3}.Release|Any CPU.Build.0 = Release|Any CPU
		{2889EEB9-6961-4A88-88E3-C3D87D4A00DE}.Debug|Any CPU.ActiveCfg = Debug|Any CPU
		{2889EEB9-6961-4A88-88E3-C3D87D4A00DE}.Debug|Any CPU.Build.0 = Debug|Any CPU
		{2889EEB9-6961-4A88-88E3-C3D87D4A00DE}.Release|Any CPU.ActiveCfg = Release|Any CPU
		{2889EEB9-6961-4A88-88E3-C3D87D4A00DE}.Release|Any CPU.Build.0 = Release|Any CPU
	EndGlobalSection
	GlobalSection(SolutionProperties) = preSolution
		HideSolutionNode = FALSE
	EndGlobalSection
	GlobalSection(ExtensibilityGlobals) = postSolution
		SolutionGuid = {79889252-8D78-44C1-8E22-2906B824677E}
	EndGlobalSection
EndGlobal
